Microsoft Visual Studio Solution File, Format Version 12.00
# Visual Studio Version 16
VisualStudioVersion = 16.0.31911.196
MinimumVisualStudioVersion = 10.0.40219.1
Project("{F184B08F-C81C-45F6-A57F-5ABD9991F28F}") = "PNReportData", "PN\PNReportData.vbproj", "{32A5D773-E827-428C-9C83-F0C2771FE41D}"
EndProject
Project("{F184B08F-C81C-45F6-A57F-5ABD9991F28F}") = "PSReportData", "PS\PSReportData.vbproj", "{5B28C15A-2891-48A3-B934-2C61A39B23BB}"
EndProject
Project("{F184B08F-C81C-45F6-A57F-5ABD9991F28F}") = "SMReportData", "SM\SMReportData.vbproj", "{013E51E7-5326-429D-88A9-A34006B0B89D}"
EndProject
Global
	GlobalSection(SolutionConfigurationPlatforms) = preSolution
		Debug|Any CPU = Debug|Any CPU
		Release|Any CPU = Release|Any CPU
	EndGlobalSection
	GlobalSection(ProjectConfigurationPlatforms) = postSolution
		{32A5D773-E827-428C-9C83-F0C2771FE41D}.Debug|Any CPU.ActiveCfg = Debug|Any CPU
		{32A5D773-E827-428C-9C83-F0C2771FE41D}.Debug|Any CPU.Build.0 = Debug|Any CPU
		{32A5D773-E827-428C-9C83-F0C2771FE41D}.Release|Any CPU.ActiveCfg = Release|Any CPU
		{32A5D773-E827-428C-9C83-F0C2771FE41D}.Release|Any CPU.Build.0 = Release|Any CPU
		{5B28C15A-2891-48A3-B934-2C61A39B23BB}.Debug|Any CPU.ActiveCfg = Debug|Any CPU
		{5B28C15A-2891-48A3-B934-2C61A39B23BB}.Debug|Any CPU.Build.0 = Debug|Any CPU
		{5B28C15A-2891-48A3-B934-2C61A39B23BB}.Release|Any CPU.ActiveCfg = Release|Any CPU
		{5B28C15A-2891-48A3-B934-2C61A39B23BB}.Release|Any CPU.Build.0 = Release|Any CPU
		{013E51E7-5326-429D-88A9-A34006B0B89D}.Debug|Any CPU.ActiveCfg = Debug|Any CPU
		{013E51E7-5326-429D-88A9-A34006B0B89D}.Debug|Any CPU.Build.0 = Debug|Any CPU
		{013E51E7-5326-429D-88A9-A34006B0B89D}.Release|Any CPU.ActiveCfg = Release|Any CPU
		{013E51E7-5326-429D-88A9-A34006B0B89D}.Release|Any CPU.Build.0 = Release|Any CPU
	EndGlobalSection
	GlobalSection(SolutionProperties) = preSolution
		HideSolutionNode = FALSE
	EndGlobalSection
	GlobalSection(ExtensibilityGlobals) = postSolution
		SolutionGuid = {CD19B6DE-1489-4A98-8C98-44F3B545DCF6}
	EndGlobalSection
EndGlobal
